// !$*UTF8*$!
{
	archiveVersion = 1;
	classes = {
	};
	objectVersion = 51;
	objects = {

/* Begin PBXBuildFile section */
		15503D613560FB1F9F4B26D0 /* Pods_Anoda_Demo_app.framework in Frameworks */ = {isa = PBXBuildFile; fileRef = 6AE2301E176EAD9A62A4E5ED /* Pods_Anoda_Demo_app.framework */; };
		249ECDE924B5AD4E0075773D /* AppDelegate.swift in Sources */ = {isa = PBXBuildFile; fileRef = 249ECDE824B5AD4E0075773D /* AppDelegate.swift */; };
		249ECDEB24B5AD4E0075773D /* SceneDelegate.swift in Sources */ = {isa = PBXBuildFile; fileRef = 249ECDEA24B5AD4E0075773D /* SceneDelegate.swift */; };
		249ECDED24B5AD4E0075773D /* ViewController.swift in Sources */ = {isa = PBXBuildFile; fileRef = 249ECDEC24B5AD4E0075773D /* ViewController.swift */; };
		249ECDF224B5AD4F0075773D /* Assets.xcassets in Resources */ = {isa = PBXBuildFile; fileRef = 249ECDF124B5AD4F0075773D /* Assets.xcassets */; };
		249ECDF524B5AD4F0075773D /* LaunchScreen.storyboard in Resources */ = {isa = PBXBuildFile; fileRef = 249ECDF324B5AD4F0075773D /* LaunchScreen.storyboard */; };
		249ECE0024B5AD4F0075773D /* Anoda_Demo_appTests.swift in Sources */ = {isa = PBXBuildFile; fileRef = 249ECDFF24B5AD4F0075773D /* Anoda_Demo_appTests.swift */; };
		249ECE0B24B5AE530075773D /* NewsFeedController.swift in Sources */ = {isa = PBXBuildFile; fileRef = 249ECE0A24B5AE530075773D /* NewsFeedController.swift */; };
		249ECE0D24B5B0050075773D /* BaseNavController.swift in Sources */ = {isa = PBXBuildFile; fileRef = 249ECE0C24B5B0050075773D /* BaseNavController.swift */; };
		249ECE0F24B5B02F0075773D /* BaseTabBarController.swift in Sources */ = {isa = PBXBuildFile; fileRef = 249ECE0E24B5B02F0075773D /* BaseTabBarController.swift */; };
		249ECE1124B5C0E20075773D /* NewsFeedViewModel.swift in Sources */ = {isa = PBXBuildFile; fileRef = 249ECE1024B5C0E20075773D /* NewsFeedViewModel.swift */; };
		249ECE1524B5C6A30075773D /* NewsFeed.swift in Sources */ = {isa = PBXBuildFile; fileRef = 249ECE1424B5C6A30075773D /* NewsFeed.swift */; };
		249ECE1724B5F3E20075773D /* NewsFeedData.json in Resources */ = {isa = PBXBuildFile; fileRef = 249ECE1624B5F3E20075773D /* NewsFeedData.json */; };
		249ECE1924B5F4870075773D /* NewsFeedCell.swift in Sources */ = {isa = PBXBuildFile; fileRef = 249ECE1824B5F4870075773D /* NewsFeedCell.swift */; };
		249ECE1B24B5F4940075773D /* NewsFeedCellViewModel.swift in Sources */ = {isa = PBXBuildFile; fileRef = 249ECE1A24B5F4940075773D /* NewsFeedCellViewModel.swift */; };
		249ECE1E24B5FA190075773D /* HeaderCellView.swift in Sources */ = {isa = PBXBuildFile; fileRef = 249ECE1D24B5FA190075773D /* HeaderCellView.swift */; };
		249ECE2124B60F800075773D /* UIImageView + Extension.swift in Sources */ = {isa = PBXBuildFile; fileRef = 249ECE2024B60F800075773D /* UIImageView + Extension.swift */; };
		249ECE2324B6211A0075773D /* UILabel + Extension.swift in Sources */ = {isa = PBXBuildFile; fileRef = 249ECE2224B6211A0075773D /* UILabel + Extension.swift */; };
		249ECE2524B625CF0075773D /* BottomCellView.swift in Sources */ = {isa = PBXBuildFile; fileRef = 249ECE2424B625CF0075773D /* BottomCellView.swift */; };
		249ECE2C24B73DF60075773D /* TableViewSection + Page.swift in Sources */ = {isa = PBXBuildFile; fileRef = 249ECE2B24B73DF60075773D /* TableViewSection + Page.swift */; };
		249ECE3024BB8BB30075773D /* LikeButton.swift in Sources */ = {isa = PBXBuildFile; fileRef = 249ECE2F24BB8BB30075773D /* LikeButton.swift */; };
		249ECE3224BCB43B0075773D /* UIStackView + Extension.swift in Sources */ = {isa = PBXBuildFile; fileRef = 249ECE3124BCB43B0075773D /* UIStackView + Extension.swift */; };
/* End PBXBuildFile section */

/* Begin PBXContainerItemProxy section */
		249ECDFC24B5AD4F0075773D /* PBXContainerItemProxy */ = {
			isa = PBXContainerItemProxy;
			containerPortal = 249ECDDD24B5AD4E0075773D /* Project object */;
			proxyType = 1;
			remoteGlobalIDString = 249ECDE424B5AD4E0075773D;
			remoteInfo = Anoda_Demo_app;
		};
/* End PBXContainerItemProxy section */

/* Begin PBXFileReference section */
		1BDE69163CB919F6AF83B246 /* Pods-Anoda_Demo_app.debug.xcconfig */ = {isa = PBXFileReference; includeInIndex = 1; lastKnownFileType = text.xcconfig; name = "Pods-Anoda_Demo_app.debug.xcconfig"; path = "Target Support Files/Pods-Anoda_Demo_app/Pods-Anoda_Demo_app.debug.xcconfig"; sourceTree = "<group>"; };
		249ECDE524B5AD4E0075773D /* Anoda_Demo_app.app */ = {isa = PBXFileReference; explicitFileType = wrapper.application; includeInIndex = 0; path = Anoda_Demo_app.app; sourceTree = BUILT_PRODUCTS_DIR; };
		249ECDE824B5AD4E0075773D /* AppDelegate.swift */ = {isa = PBXFileReference; lastKnownFileType = sourcecode.swift; path = AppDelegate.swift; sourceTree = "<group>"; };
		249ECDEA24B5AD4E0075773D /* SceneDelegate.swift */ = {isa = PBXFileReference; lastKnownFileType = sourcecode.swift; path = SceneDelegate.swift; sourceTree = "<group>"; };
		249ECDEC24B5AD4E0075773D /* ViewController.swift */ = {isa = PBXFileReference; lastKnownFileType = sourcecode.swift; path = ViewController.swift; sourceTree = "<group>"; };
		249ECDF124B5AD4F0075773D /* Assets.xcassets */ = {isa = PBXFileReference; lastKnownFileType = folder.assetcatalog; path = Assets.xcassets; sourceTree = "<group>"; };
		249ECDF424B5AD4F0075773D /* Base */ = {isa = PBXFileReference; lastKnownFileType = file.storyboard; name = Base; path = Base.lproj/LaunchScreen.storyboard; sourceTree = "<group>"; };
		249ECDF624B5AD4F0075773D /* Info.plist */ = {isa = PBXFileReference; lastKnownFileType = text.plist.xml; path = Info.plist; sourceTree = "<group>"; };
		249ECDFB24B5AD4F0075773D /* Anoda_Demo_appTests.xctest */ = {isa = PBXFileReference; explicitFileType = wrapper.cfbundle; includeInIndex = 0; path = Anoda_Demo_appTests.xctest; sourceTree = BUILT_PRODUCTS_DIR; };
		249ECDFF24B5AD4F0075773D /* Anoda_Demo_appTests.swift */ = {isa = PBXFileReference; lastKnownFileType = sourcecode.swift; path = Anoda_Demo_appTests.swift; sourceTree = "<group>"; };
		249ECE0124B5AD4F0075773D /* Info.plist */ = {isa = PBXFileReference; lastKnownFileType = text.plist.xml; path = Info.plist; sourceTree = "<group>"; };
		249ECE0A24B5AE530075773D /* NewsFeedController.swift */ = {isa = PBXFileReference; lastKnownFileType = sourcecode.swift; path = NewsFeedController.swift; sourceTree = "<group>"; };
		249ECE0C24B5B0050075773D /* BaseNavController.swift */ = {isa = PBXFileReference; lastKnownFileType = sourcecode.swift; path = BaseNavController.swift; sourceTree = "<group>"; };
		249ECE0E24B5B02F0075773D /* BaseTabBarController.swift */ = {isa = PBXFileReference; lastKnownFileType = sourcecode.swift; path = BaseTabBarController.swift; sourceTree = "<group>"; };
		249ECE1024B5C0E20075773D /* NewsFeedViewModel.swift */ = {isa = PBXFileReference; lastKnownFileType = sourcecode.swift; path = NewsFeedViewModel.swift; sourceTree = "<group>"; };
		249ECE1424B5C6A30075773D /* NewsFeed.swift */ = {isa = PBXFileReference; lastKnownFileType = sourcecode.swift; path = NewsFeed.swift; sourceTree = "<group>"; };
		249ECE1624B5F3E20075773D /* NewsFeedData.json */ = {isa = PBXFileReference; fileEncoding = 4; lastKnownFileType = text.json; path = NewsFeedData.json; sourceTree = "<group>"; };
		249ECE1824B5F4870075773D /* NewsFeedCell.swift */ = {isa = PBXFileReference; lastKnownFileType = sourcecode.swift; path = NewsFeedCell.swift; sourceTree = "<group>"; };
		249ECE1A24B5F4940075773D /* NewsFeedCellViewModel.swift */ = {isa = PBXFileReference; lastKnownFileType = sourcecode.swift; path = NewsFeedCellViewModel.swift; sourceTree = "<group>"; };
		249ECE1D24B5FA190075773D /* HeaderCellView.swift */ = {isa = PBXFileReference; lastKnownFileType = sourcecode.swift; path = HeaderCellView.swift; sourceTree = "<group>"; };
		249ECE2024B60F800075773D /* UIImageView + Extension.swift */ = {isa = PBXFileReference; lastKnownFileType = sourcecode.swift; path = "UIImageView + Extension.swift"; sourceTree = "<group>"; };
		249ECE2224B6211A0075773D /* UILabel + Extension.swift */ = {isa = PBXFileReference; lastKnownFileType = sourcecode.swift; path = "UILabel + Extension.swift"; sourceTree = "<group>"; };
		249ECE2424B625CF0075773D /* BottomCellView.swift */ = {isa = PBXFileReference; lastKnownFileType = sourcecode.swift; path = BottomCellView.swift; sourceTree = "<group>"; };
		249ECE2B24B73DF60075773D /* TableViewSection + Page.swift */ = {isa = PBXFileReference; lastKnownFileType = sourcecode.swift; path = "TableViewSection + Page.swift"; sourceTree = "<group>"; };
		249ECE2F24BB8BB30075773D /* LikeButton.swift */ = {isa = PBXFileReference; lastKnownFileType = sourcecode.swift; path = LikeButton.swift; sourceTree = "<group>"; };
		249ECE3124BCB43B0075773D /* UIStackView + Extension.swift */ = {isa = PBXFileReference; lastKnownFileType = sourcecode.swift; path = "UIStackView + Extension.swift"; sourceTree = "<group>"; };
		6AE2301E176EAD9A62A4E5ED /* Pods_Anoda_Demo_app.framework */ = {isa = PBXFileReference; explicitFileType = wrapper.framework; includeInIndex = 0; path = Pods_Anoda_Demo_app.framework; sourceTree = BUILT_PRODUCTS_DIR; };
		EDE04732F3BF15D55D244EF1 /* Pods-Anoda_Demo_app.release.xcconfig */ = {isa = PBXFileReference; includeInIndex = 1; lastKnownFileType = text.xcconfig; name = "Pods-Anoda_Demo_app.release.xcconfig"; path = "Target Support Files/Pods-Anoda_Demo_app/Pods-Anoda_Demo_app.release.xcconfig"; sourceTree = "<group>"; };
/* End PBXFileReference section */

/* Begin PBXFrameworksBuildPhase section */
		249ECDE224B5AD4E0075773D /* Frameworks */ = {
			isa = PBXFrameworksBuildPhase;
			buildActionMask = 2147483647;
			files = (
				15503D613560FB1F9F4B26D0 /* Pods_Anoda_Demo_app.framework in Frameworks */,
			);
			runOnlyForDeploymentPostprocessing = 0;
		};
		249ECDF824B5AD4F0075773D /* Frameworks */ = {
			isa = PBXFrameworksBuildPhase;
			buildActionMask = 2147483647;
			files = (
			);
			runOnlyForDeploymentPostprocessing = 0;
		};
/* End PBXFrameworksBuildPhase section */

/* Begin PBXGroup section */
		1E4D67DDE0781EC626A81A33 /* Pods */ = {
			isa = PBXGroup;
			children = (
				1BDE69163CB919F6AF83B246 /* Pods-Anoda_Demo_app.debug.xcconfig */,
				EDE04732F3BF15D55D244EF1 /* Pods-Anoda_Demo_app.release.xcconfig */,
			);
			path = Pods;
			sourceTree = "<group>";
		};
		249ECDDC24B5AD4E0075773D = {
			isa = PBXGroup;
			children = (
				249ECDE724B5AD4E0075773D /* Anoda_Demo_app */,
				249ECDFE24B5AD4F0075773D /* Anoda_Demo_appTests */,
				249ECDE624B5AD4E0075773D /* Products */,
				1E4D67DDE0781EC626A81A33 /* Pods */,
				93CC581FBA802A459C635C77 /* Frameworks */,
			);
			sourceTree = "<group>";
		};
		249ECDE624B5AD4E0075773D /* Products */ = {
			isa = PBXGroup;
			children = (
				249ECDE524B5AD4E0075773D /* Anoda_Demo_app.app */,
				249ECDFB24B5AD4F0075773D /* Anoda_Demo_appTests.xctest */,
			);
			name = Products;
			sourceTree = "<group>";
		};
		249ECDE724B5AD4E0075773D /* Anoda_Demo_app */ = {
			isa = PBXGroup;
			children = (
				249ECE2A24B73DE70075773D /* Components */,
				249ECE1F24B60F6E0075773D /* Extensions */,
				249ECE1324B5C6930075773D /* Model */,
				249ECDE824B5AD4E0075773D /* AppDelegate.swift */,
				249ECDEA24B5AD4E0075773D /* SceneDelegate.swift */,
				249ECE0C24B5B0050075773D /* BaseNavController.swift */,
				249ECE0E24B5B02F0075773D /* BaseTabBarController.swift */,
				249ECDEC24B5AD4E0075773D /* ViewController.swift */,
				249ECE1224B5C6730075773D /* NewsFeedController */,
				249ECDF124B5AD4F0075773D /* Assets.xcassets */,
				249ECDF324B5AD4F0075773D /* LaunchScreen.storyboard */,
				249ECDF624B5AD4F0075773D /* Info.plist */,
			);
			path = Anoda_Demo_app;
			sourceTree = "<group>";
		};
		249ECDFE24B5AD4F0075773D /* Anoda_Demo_appTests */ = {
			isa = PBXGroup;
			children = (
				249ECDFF24B5AD4F0075773D /* Anoda_Demo_appTests.swift */,
				249ECE0124B5AD4F0075773D /* Info.plist */,
			);
			path = Anoda_Demo_appTests;
			sourceTree = "<group>";
		};
		249ECE1224B5C6730075773D /* NewsFeedController */ = {
			isa = PBXGroup;
			children = (
				249ECE1C24B5F49C0075773D /* View */,
				249ECE1024B5C0E20075773D /* NewsFeedViewModel.swift */,
				249ECE0A24B5AE530075773D /* NewsFeedController.swift */,
			);
			path = NewsFeedController;
			sourceTree = "<group>";
		};
		249ECE1324B5C6930075773D /* Model */ = {
			isa = PBXGroup;
			children = (
				249ECE1424B5C6A30075773D /* NewsFeed.swift */,
				249ECE1624B5F3E20075773D /* NewsFeedData.json */,
			);
			path = Model;
			sourceTree = "<group>";
		};
		249ECE1C24B5F49C0075773D /* View */ = {
			isa = PBXGroup;
			children = (
				249ECE1824B5F4870075773D /* NewsFeedCell.swift */,
				249ECE1A24B5F4940075773D /* NewsFeedCellViewModel.swift */,
				249ECE1D24B5FA190075773D /* HeaderCellView.swift */,
				249ECE2424B625CF0075773D /* BottomCellView.swift */,
			);
			path = View;
			sourceTree = "<group>";
		};
		249ECE1F24B60F6E0075773D /* Extensions */ = {
			isa = PBXGroup;
			children = (
				249ECE2024B60F800075773D /* UIImageView + Extension.swift */,
				249ECE2224B6211A0075773D /* UILabel + Extension.swift */,
			);
			path = Extensions;
			sourceTree = "<group>";
		};
		249ECE2A24B73DE70075773D /* Components */ = {
			isa = PBXGroup;
			children = (
				249ECE2B24B73DF60075773D /* TableViewSection + Page.swift */,
				249ECE2F24BB8BB30075773D /* LikeButton.swift */,
				249ECE3124BCB43B0075773D /* UIStackView + Extension.swift */,
			);
			path = Components;
			sourceTree = "<group>";
		};
		93CC581FBA802A459C635C77 /* Frameworks */ = {
			isa = PBXGroup;
			children = (
				6AE2301E176EAD9A62A4E5ED /* Pods_Anoda_Demo_app.framework */,
			);
			name = Frameworks;
			sourceTree = "<group>";
		};
/* End PBXGroup section */

/* Begin PBXNativeTarget section */
		249ECDE424B5AD4E0075773D /* Anoda_Demo_app */ = {
			isa = PBXNativeTarget;
			buildConfigurationList = 249ECE0424B5AD500075773D /* Build configuration list for PBXNativeTarget "Anoda_Demo_app" */;
			buildPhases = (
				C2B4F006C1BE69D1994E86EF /* [CP] Check Pods Manifest.lock */,
				249ECDE124B5AD4E0075773D /* Sources */,
				249ECDE224B5AD4E0075773D /* Frameworks */,
				249ECDE324B5AD4E0075773D /* Resources */,
				29920595B6DC85CBB7FEC954 /* [CP] Embed Pods Frameworks */,
			);
			buildRules = (
			);
			dependencies = (
			);
			name = Anoda_Demo_app;
			productName = Anoda_Demo_app;
			productReference = 249ECDE524B5AD4E0075773D /* Anoda_Demo_app.app */;
			productType = "com.apple.product-type.application";
		};
		249ECDFA24B5AD4F0075773D /* Anoda_Demo_appTests */ = {
			isa = PBXNativeTarget;
			buildConfigurationList = 249ECE0724B5AD500075773D /* Build configuration list for PBXNativeTarget "Anoda_Demo_appTests" */;
			buildPhases = (
				249ECDF724B5AD4F0075773D /* Sources */,
				249ECDF824B5AD4F0075773D /* Frameworks */,
				249ECDF924B5AD4F0075773D /* Resources */,
			);
			buildRules = (
			);
			dependencies = (
				249ECDFD24B5AD4F0075773D /* PBXTargetDependency */,
			);
			name = Anoda_Demo_appTests;
			productName = Anoda_Demo_appTests;
			productReference = 249ECDFB24B5AD4F0075773D /* Anoda_Demo_appTests.xctest */;
			productType = "com.apple.product-type.bundle.unit-test";
		};
/* End PBXNativeTarget section */

/* Begin PBXProject section */
		249ECDDD24B5AD4E0075773D /* Project object */ = {
			isa = PBXProject;
			attributes = {
				LastSwiftUpdateCheck = 1150;
				LastUpgradeCheck = 1150;
				ORGANIZATIONNAME = "Sergey berdnik";
				TargetAttributes = {
					249ECDE424B5AD4E0075773D = {
						CreatedOnToolsVersion = 11.5;
					};
					249ECDFA24B5AD4F0075773D = {
						CreatedOnToolsVersion = 11.5;
						TestTargetID = 249ECDE424B5AD4E0075773D;
					};
				};
			};
			buildConfigurationList = 249ECDE024B5AD4E0075773D /* Build configuration list for PBXProject "Anoda_Demo_app" */;
			compatibilityVersion = "Xcode 9.3";
			developmentRegion = en;
			hasScannedForEncodings = 0;
			knownRegions = (
				en,
				Base,
			);
			mainGroup = 249ECDDC24B5AD4E0075773D;
			productRefGroup = 249ECDE624B5AD4E0075773D /* Products */;
			projectDirPath = "";
			projectRoot = "";
			targets = (
				249ECDE424B5AD4E0075773D /* Anoda_Demo_app */,
				249ECDFA24B5AD4F0075773D /* Anoda_Demo_appTests */,
			);
		};
/* End PBXProject section */

/* Begin PBXResourcesBuildPhase section */
		249ECDE324B5AD4E0075773D /* Resources */ = {
			isa = PBXResourcesBuildPhase;
			buildActionMask = 2147483647;
			files = (
				249ECDF524B5AD4F0075773D /* LaunchScreen.storyboard in Resources */,
				249ECE1724B5F3E20075773D /* NewsFeedData.json in Resources */,
				249ECDF224B5AD4F0075773D /* Assets.xcassets in Resources */,
			);
			runOnlyForDeploymentPostprocessing = 0;
		};
		249ECDF924B5AD4F0075773D /* Resources */ = {
			isa = PBXResourcesBuildPhase;
			buildActionMask = 2147483647;
			files = (
			);
			runOnlyForDeploymentPostprocessing = 0;
		};
/* End PBXResourcesBuildPhase section */

/* Begin PBXShellScriptBuildPhase section */
		29920595B6DC85CBB7FEC954 /* [CP] Embed Pods Frameworks */ = {
			isa = PBXShellScriptBuildPhase;
			buildActionMask = 2147483647;
			files = (
			);
			inputFileListPaths = (
				"${PODS_ROOT}/Target Support Files/Pods-Anoda_Demo_app/Pods-Anoda_Demo_app-frameworks-${CONFIGURATION}-input-files.xcfilelist",
			);
			name = "[CP] Embed Pods Frameworks";
			outputFileListPaths = (
				"${PODS_ROOT}/Target Support Files/Pods-Anoda_Demo_app/Pods-Anoda_Demo_app-frameworks-${CONFIGURATION}-output-files.xcfilelist",
			);
			runOnlyForDeploymentPostprocessing = 0;
			shellPath = /bin/sh;
			shellScript = "\"${PODS_ROOT}/Target Support Files/Pods-Anoda_Demo_app/Pods-Anoda_Demo_app-frameworks.sh\"\n";
			showEnvVarsInLog = 0;
		};
		C2B4F006C1BE69D1994E86EF /* [CP] Check Pods Manifest.lock */ = {
			isa = PBXShellScriptBuildPhase;
			buildActionMask = 2147483647;
			files = (
			);
			inputFileListPaths = (
			);
			inputPaths = (
				"${PODS_PODFILE_DIR_PATH}/Podfile.lock",
				"${PODS_ROOT}/Manifest.lock",
			);
			name = "[CP] Check Pods Manifest.lock";
			outputFileListPaths = (
			);
			outputPaths = (
				"$(DERIVED_FILE_DIR)/Pods-Anoda_Demo_app-checkManifestLockResult.txt",
			);
			runOnlyForDeploymentPostprocessing = 0;
			shellPath = /bin/sh;
			shellScript = "diff \"${PODS_PODFILE_DIR_PATH}/Podfile.lock\" \"${PODS_ROOT}/Manifest.lock\" > /dev/null\nif [ $? != 0 ] ; then\n    # print error to STDERR\n    echo \"error: The sandbox is not in sync with the Podfile.lock. Run 'pod install' or update your CocoaPods installation.\" >&2\n    exit 1\nfi\n# This output is used by Xcode 'outputs' to avoid re-running this script phase.\necho \"SUCCESS\" > \"${SCRIPT_OUTPUT_FILE_0}\"\n";
			showEnvVarsInLog = 0;
		};
/* End PBXShellScriptBuildPhase section */

/* Begin PBXSourcesBuildPhase section */
		249ECDE124B5AD4E0075773D /* Sources */ = {
			isa = PBXSourcesBuildPhase;
			buildActionMask = 2147483647;
			files = (
				249ECE2124B60F800075773D /* UIImageView + Extension.swift in Sources */,
				249ECE0B24B5AE530075773D /* NewsFeedController.swift in Sources */,
				249ECE3224BCB43B0075773D /* UIStackView + Extension.swift in Sources */,
				249ECE1B24B5F4940075773D /* NewsFeedCellViewModel.swift in Sources */,
				249ECE2C24B73DF60075773D /* TableViewSection + Page.swift in Sources */,
				249ECDED24B5AD4E0075773D /* ViewController.swift in Sources */,
				249ECE1524B5C6A30075773D /* NewsFeed.swift in Sources */,
				249ECE1E24B5FA190075773D /* HeaderCellView.swift in Sources */,
				249ECE0F24B5B02F0075773D /* BaseTabBarController.swift in Sources */,
				249ECE1124B5C0E20075773D /* NewsFeedViewModel.swift in Sources */,
				249ECE1924B5F4870075773D /* NewsFeedCell.swift in Sources */,
				249ECDE924B5AD4E0075773D /* AppDelegate.swift in Sources */,
				249ECE2324B6211A0075773D /* UILabel + Extension.swift in Sources */,
				249ECE3024BB8BB30075773D /* LikeButton.swift in Sources */,
				249ECE2524B625CF0075773D /* BottomCellView.swift in Sources */,
				249ECDEB24B5AD4E0075773D /* SceneDelegate.swift in Sources */,
				249ECE0D24B5B0050075773D /* BaseNavController.swift in Sources */,
			);
			runOnlyForDeploymentPostprocessing = 0;
		};
		249ECDF724B5AD4F0075773D /* Sources */ = {
			isa = PBXSourcesBuildPhase;
			buildActionMask = 2147483647;
			files = (
				249ECE0024B5AD4F0075773D /* Anoda_Demo_appTests.swift in Sources */,
			);
			runOnlyForDeploymentPostprocessing = 0;
		};
/* End PBXSourcesBuildPhase section */

/* Begin PBXTargetDependency section */
		249ECDFD24B5AD4F0075773D /* PBXTargetDependency */ = {
			isa = PBXTargetDependency;
			target = 249ECDE424B5AD4E0075773D /* Anoda_Demo_app */;
			targetProxy = 249ECDFC24B5AD4F0075773D /* PBXContainerItemProxy */;
		};
/* End PBXTargetDependency section */

/* Begin PBXVariantGroup section */
		249ECDF324B5AD4F0075773D /* LaunchScreen.storyboard */ = {
			isa = PBXVariantGroup;
			children = (
				249ECDF424B5AD4F0075773D /* Base */,
			);
			name = LaunchScreen.storyboard;
			sourceTree = "<group>";
		};
/* End PBXVariantGroup section */

/* Begin XCBuildConfiguration section */
		249ECE0224B5AD4F0075773D /* Debug */ = {
			isa = XCBuildConfiguration;
			buildSettings = {
				ALWAYS_SEARCH_USER_PATHS = NO;
				CLANG_ANALYZER_NONNULL = YES;
				CLANG_ANALYZER_NUMBER_OBJECT_CONVERSION = YES_AGGRESSIVE;
				CLANG_CXX_LANGUAGE_STANDARD = "gnu++14";
				CLANG_CXX_LIBRARY = "libc++";
				CLANG_ENABLE_MODULES = YES;
				CLANG_ENABLE_OBJC_ARC = YES;
				CLANG_ENABLE_OBJC_WEAK = YES;
				CLANG_WARN_BLOCK_CAPTURE_AUTORELEASING = YES;
				CLANG_WARN_BOOL_CONVERSION = YES;
				CLANG_WARN_COMMA = YES;
				CLANG_WARN_CONSTANT_CONVERSION = YES;
				CLANG_WARN_DEPRECATED_OBJC_IMPLEMENTATIONS = YES;
				CLANG_WARN_DIRECT_OBJC_ISA_USAGE = YES_ERROR;
				CLANG_WARN_DOCUMENTATION_COMMENTS = YES;
				CLANG_WARN_EMPTY_BODY = YES;
				CLANG_WARN_ENUM_CONVERSION = YES;
				CLANG_WARN_INFINITE_RECURSION = YES;
				CLANG_WARN_INT_CONVERSION = YES;
				CLANG_WARN_NON_LITERAL_NULL_CONVERSION = YES;
				CLANG_WARN_OBJC_IMPLICIT_RETAIN_SELF = YES;
				CLANG_WARN_OBJC_LITERAL_CONVERSION = YES;
				CLANG_WARN_OBJC_ROOT_CLASS = YES_ERROR;
				CLANG_WARN_RANGE_LOOP_ANALYSIS = YES;
				CLANG_WARN_STRICT_PROTOTYPES = YES;
				CLANG_WARN_SUSPICIOUS_MOVE = YES;
				CLANG_WARN_UNGUARDED_AVAILABILITY = YES_AGGRESSIVE;
				CLANG_WARN_UNREACHABLE_CODE = YES;
				CLANG_WARN__DUPLICATE_METHOD_MATCH = YES;
				COPY_PHASE_STRIP = NO;
				DEBUG_INFORMATION_FORMAT = dwarf;
				ENABLE_STRICT_OBJC_MSGSEND = YES;
				ENABLE_TESTABILITY = YES;
				GCC_C_LANGUAGE_STANDARD = gnu11;
				GCC_DYNAMIC_NO_PIC = NO;
				GCC_NO_COMMON_BLOCKS = YES;
				GCC_OPTIMIZATION_LEVEL = 0;
				GCC_PREPROCESSOR_DEFINITIONS = (
					"DEBUG=1",
					"$(inherited)",
				);
				GCC_WARN_64_TO_32_BIT_CONVERSION = YES;
				GCC_WARN_ABOUT_RETURN_TYPE = YES_ERROR;
				GCC_WARN_UNDECLARED_SELECTOR = YES;
				GCC_WARN_UNINITIALIZED_AUTOS = YES_AGGRESSIVE;
				GCC_WARN_UNUSED_FUNCTION = YES;
				GCC_WARN_UNUSED_VARIABLE = YES;
				IPHONEOS_DEPLOYMENT_TARGET = 13.5;
				MTL_ENABLE_DEBUG_INFO = INCLUDE_SOURCE;
				MTL_FAST_MATH = YES;
				ONLY_ACTIVE_ARCH = YES;
				SDKROOT = iphoneos;
				SWIFT_ACTIVE_COMPILATION_CONDITIONS = DEBUG;
				SWIFT_OPTIMIZATION_LEVEL = "-Onone";
			};
			name = Debug;
		};
		249ECE0324B5AD4F0075773D /* Release */ = {
			isa = XCBuildConfiguration;
			buildSettings = {
				ALWAYS_SEARCH_USER_PATHS = NO;
				CLANG_ANALYZER_NONNULL = YES;
				CLANG_ANALYZER_NUMBER_OBJECT_CONVERSION = YES_AGGRESSIVE;
				CLANG_CXX_LANGUAGE_STANDARD = "gnu++14";
				CLANG_CXX_LIBRARY = "libc++";
				CLANG_ENABLE_MODULES = YES;
				CLANG_ENABLE_OBJC_ARC = YES;
				CLANG_ENABLE_OBJC_WEAK = YES;
				CLANG_WARN_BLOCK_CAPTURE_AUTORELEASING = YES;
				CLANG_WARN_BOOL_CONVERSION = YES;
				CLANG_WARN_COMMA = YES;
				CLANG_WARN_CONSTANT_CONVERSION = YES;
				CLANG_WARN_DEPRECATED_OBJC_IMPLEMENTATIONS = YES;
				CLANG_WARN_DIRECT_OBJC_ISA_USAGE = YES_ERROR;
				CLANG_WARN_DOCUMENTATION_COMMENTS = YES;
				CLANG_WARN_EMPTY_BODY = YES;
				CLANG_WARN_ENUM_CONVERSION = YES;
				CLANG_WARN_INFINITE_RECURSION = YES;
				CLANG_WARN_INT_CONVERSION = YES;
				CLANG_WARN_NON_LITERAL_NULL_CONVERSION = YES;
				CLANG_WARN_OBJC_IMPLICIT_RETAIN_SELF = YES;
				CLANG_WARN_OBJC_LITERAL_CONVERSION = YES;
				CLANG_WARN_OBJC_ROOT_CLASS = YES_ERROR;
				CLANG_WARN_RANGE_LOOP_ANALYSIS = YES;
				CLANG_WARN_STRICT_PROTOTYPES = YES;
				CLANG_WARN_SUSPICIOUS_MOVE = YES;
				CLANG_WARN_UNGUARDED_AVAILABILITY = YES_AGGRESSIVE;
				CLANG_WARN_UNREACHABLE_CODE = YES;
				CLANG_WARN__DUPLICATE_METHOD_MATCH = YES;
				COPY_PHASE_STRIP = NO;
				DEBUG_INFORMATION_FORMAT = "dwarf-with-dsym";
				ENABLE_NS_ASSERTIONS = NO;
				ENABLE_STRICT_OBJC_MSGSEND = YES;
				GCC_C_LANGUAGE_STANDARD = gnu11;
				GCC_NO_COMMON_BLOCKS = YES;
				GCC_WARN_64_TO_32_BIT_CONVERSION = YES;
				GCC_WARN_ABOUT_RETURN_TYPE = YES_ERROR;
				GCC_WARN_UNDECLARED_SELECTOR = YES;
				GCC_WARN_UNINITIALIZED_AUTOS = YES_AGGRESSIVE;
				GCC_WARN_UNUSED_FUNCTION = YES;
				GCC_WARN_UNUSED_VARIABLE = YES;
				IPHONEOS_DEPLOYMENT_TARGET = 13.5;
				MTL_ENABLE_DEBUG_INFO = NO;
				MTL_FAST_MATH = YES;
				SDKROOT = iphoneos;
				SWIFT_COMPILATION_MODE = wholemodule;
				SWIFT_OPTIMIZATION_LEVEL = "-O";
				VALIDATE_PRODUCT = YES;
			};
			name = Release;
		};
		249ECE0524B5AD500075773D /* Debug */ = {
			isa = XCBuildConfiguration;
			baseConfigurationReference = 1BDE69163CB919F6AF83B246 /* Pods-Anoda_Demo_app.debug.xcconfig */;
			buildSettings = {
				ASSETCATALOG_COMPILER_APPICON_NAME = AppIcon;
				CODE_SIGN_STYLE = Automatic;
				DEVELOPMENT_TEAM = 8YM8U69AT5;
				INFOPLIST_FILE = Anoda_Demo_app/Info.plist;
				LD_RUNPATH_SEARCH_PATHS = (
					"$(inherited)",
					"@executable_path/Frameworks",
				);
				PRODUCT_BUNDLE_IDENTIFIER = "home.Anoda-Demo-app";
				PRODUCT_NAME = "$(TARGET_NAME)";
				SWIFT_VERSION = 5.0;
				TARGETED_DEVICE_FAMILY = "1,2";
			};
			name = Debug;
		};
		249ECE0624B5AD500075773D /* Release */ = {
			isa = XCBuildConfiguration;
			baseConfigurationReference = EDE04732F3BF15D55D244EF1 /* Pods-Anoda_Demo_app.release.xcconfig */;
			buildSettings = {
				ASSETCATALOG_COMPILER_APPICON_NAME = AppIcon;
				CODE_SIGN_STYLE = Automatic;
				DEVELOPMENT_TEAM = 8YM8U69AT5;
				INFOPLIST_FILE = Anoda_Demo_app/Info.plist;
				LD_RUNPATH_SEARCH_PATHS = (
					"$(inherited)",
					"@executable_path/Frameworks",
				);
				PRODUCT_BUNDLE_IDENTIFIER = "home.Anoda-Demo-app";
				PRODUCT_NAME = "$(TARGET_NAME)";
				SWIFT_VERSION = 5.0;
				TARGETED_DEVICE_FAMILY = "1,2";
			};
			name = Release;
		};
		249ECE0824B5AD500075773D /* Debug */ = {
			isa = XCBuildConfiguration;
			buildSettings = {
				ALWAYS_EMBED_SWIFT_STANDARD_LIBRARIES = YES;
				BUNDLE_LOADER = "$(TEST_HOST)";
				CODE_SIGN_STYLE = Automatic;
				DEVELOPMENT_TEAM = 8YM8U69AT5;
				INFOPLIST_FILE = Anoda_Demo_appTests/Info.plist;
				IPHONEOS_DEPLOYMENT_TARGET = 13.5;
				LD_RUNPATH_SEARCH_PATHS = (
					"$(inherited)",
					"@executable_path/Frameworks",
					"@loader_path/Frameworks",
				);
				PRODUCT_BUNDLE_IDENTIFIER = "home.Anoda-Demo-appTests";
				PRODUCT_NAME = "$(TARGET_NAME)";
				SWIFT_VERSION = 5.0;
				TARGETED_DEVICE_FAMILY = "1,2";
				TEST_HOST = "$(BUILT_PRODUCTS_DIR)/Anoda_Demo_app.app/Anoda_Demo_app";
			};
			name = Debug;
		};
		249ECE0924B5AD500075773D /* Release */ = {
			isa = XCBuildConfiguration;
			buildSettings = {
				ALWAYS_EMBED_SWIFT_STANDARD_LIBRARIES = YES;
				BUNDLE_LOADER = "$(TEST_HOST)";
				CODE_SIGN_STYLE = Automatic;
				DEVELOPMENT_TEAM = 8YM8U69AT5;
				INFOPLIST_FILE = Anoda_Demo_appTests/Info.plist;
				IPHONEOS_DEPLOYMENT_TARGET = 13.5;
				LD_RUNPATH_SEARCH_PATHS = (
					"$(inherited)",
					"@executable_path/Frameworks",
					"@loader_path/Frameworks",
				);
				PRODUCT_BUNDLE_IDENTIFIER = "home.Anoda-Demo-appTests";
				PRODUCT_NAME = "$(TARGET_NAME)";
				SWIFT_VERSION = 5.0;
				TARGETED_DEVICE_FAMILY = "1,2";
				TEST_HOST = "$(BUILT_PRODUCTS_DIR)/Anoda_Demo_app.app/Anoda_Demo_app";
			};
			name = Release;
		};
/* End XCBuildConfiguration section */

/* Begin XCConfigurationList section */
		249ECDE024B5AD4E0075773D /* Build configuration list for PBXProject "Anoda_Demo_app" */ = {
			isa = XCConfigurationList;
			buildConfigurations = (
				249ECE0224B5AD4F0075773D /* Debug */,
				249ECE0324B5AD4F0075773D /* Release */,
			);
			defaultConfigurationIsVisible = 0;
			defaultConfigurationName = Release;
		};
		249ECE0424B5AD500075773D /* Build configuration list for PBXNativeTarget "Anoda_Demo_app" */ = {
			isa = XCConfigurationList;
			buildConfigurations = (
				249ECE0524B5AD500075773D /* Debug */,
				249ECE0624B5AD500075773D /* Release */,
			);
			defaultConfigurationIsVisible = 0;
			defaultConfigurationName = Release;
		};
		249ECE0724B5AD500075773D /* Build configuration list for PBXNativeTarget "Anoda_Demo_appTests" */ = {
			isa = XCConfigurationList;
			buildConfigurations = (
				249ECE0824B5AD500075773D /* Debug */,
				249ECE0924B5AD500075773D /* Release */,
			);
			defaultConfigurationIsVisible = 0;
			defaultConfigurationName = Release;
		};
/* End XCConfigurationList section */
	};
	rootObject = 249ECDDD24B5AD4E0075773D /* Project object */;
}
